
Microsoft Visual Studio Solution File, Format Version 12.00
# Visual Studio Version 17
VisualStudioVersion = 17.4.33403.182
MinimumVisualStudioVersion = 10.0.40219.1
Project("{FAE04EC0-301F-11D3-BF4B-00C04F79EFBC}") = "DateTime_Assignment", "DateTime_Assignment\DateTime_Assignment.csproj", "{D3E5AE2A-2F4D-4886-9693-C2DF4C9939DC}"
EndProject
Global
	GlobalSection(SolutionConfigurationPlatforms) = preSolution
		Debug|Any CPU = Debug|Any CPU
		Release|Any CPU = Release|Any CPU
	EndGlobalSection
	GlobalSection(ProjectConfigurationPlatforms) = postSolution
		{D3E5AE2A-2F4D-4886-9693-C2DF4C9939DC}.Debug|Any CPU.ActiveCfg = Debug|Any CPU
		{D3E5AE2A-2F4D-4886-9693-C2DF4C9939DC}.Debug|Any CPU.Build.0 = Debug|Any CPU
		{D3E5AE2A-2F4D-4886-9693-C2DF4C9939DC}.Release|Any CPU.ActiveCfg = Release|Any CPU
		{D3E5AE2A-2F4D-4886-9693-C2DF4C9939DC}.Release|Any CPU.Build.0 = Release|Any CPU
	EndGlobalSection
	GlobalSection(SolutionProperties) = preSolution
		HideSolutionNode = FALSE
	EndGlobalSection
	GlobalSection(ExtensibilityGlobals) = postSolution
		SolutionGuid = {F48D0F61-31D1-43F3-9109-13ED08F9F78F}
	EndGlobalSection
EndGlobal
